
Microsoft Visual Studio Solution File, Format Version 12.00
# Visual Studio Version 17
VisualStudioVersion = 17.10.34916.146
MinimumVisualStudioVersion = 10.0.40219.1
Project("{8BC9CEB8-8B4A-11D0-8D11-00A0C91BC942}") = "pryTrabajoGrupalSemana8", "pryTrabajoGrupalSemana8\pryTrabajoGrupalSemana8.vcxproj", "{427B77CC-FE56-4BA7-A95F-2E78D6EEF5EA}"
EndProject
Global
	GlobalSection(SolutionConfigurationPlatforms) = preSolution
		Debug|x64 = Debug|x64
		Debug|x86 = Debug|x86
		Release|x64 = Release|x64
		Release|x86 = Release|x86
	EndGlobalSection
	GlobalSection(ProjectConfigurationPlatforms) = postSolution
		{427B77CC-FE56-4BA7-A95F-2E78D6EEF5EA}.Debug|x64.ActiveCfg = Debug|x64
		{427B77CC-FE56-4BA7-A95F-2E78D6EEF5EA}.Debug|x64.Build.0 = Debug|x64
		{427B77CC-FE56-4BA7-A95F-2E78D6EEF5EA}.Debug|x86.ActiveCfg = Debug|Win32
		{427B77CC-FE56-4BA7-A95F-2E78D6EEF5EA}.Debug|x86.Build.0 = Debug|Win32
		{427B77CC-FE56-4BA7-A95F-2E78D6EEF5EA}.Release|x64.ActiveCfg = Release|x64
		{427B77CC-FE56-4BA7-A95F-2E78D6EEF5EA}.Release|x64.Build.0 = Release|x64
		{427B77CC-FE56-4BA7-A95F-2E78D6EEF5EA}.Release|x86.ActiveCfg = Release|Win32
		{427B77CC-FE56-4BA7-A95F-2E78D6EEF5EA}.Release|x86.Build.0 = Release|Win32
	EndGlobalSection
	GlobalSection(SolutionProperties) = preSolution
		HideSolutionNode = FALSE
	EndGlobalSection
	GlobalSection(ExtensibilityGlobals) = postSolution
		SolutionGuid = {C21EA50B-7D0C-4686-9712-BF8FDC730978}
	EndGlobalSection
EndGlobal
